{
  "schema_version": 1,
  "repository": "https://github.com/golevel-ai/hablas-crm.git",
  "ref_selected": "main",
  "commit": "3b8e8cb2c6676422d19c508b527ec69bc3acbfff",
  "submodules": {
    "evo-ai-core-service-community": "c6f7ba319c7e44c942ac9d6a7792e19109ebd2e1",
    "evo-ai-crm-community": "4083dddb9bd7afd1152d6f41992225f1bfa410f5",
    "evo-ai-frontend-community": "05d1e2670acce6b1d2511081d04dc327b2b6fb0e",
    "evo-ai-processor-community": "a8e1bd444ced0f6dc3ccb31f20416f63e7048182",
    "evo-auth-service-community": "851073dd1e6ff0dc26e2e5bc8f54efa427ca65a4",
    "evo-bot-runtime": "7ec7db4761ca5bc8d09e4aa036398de2821c2e71",
    "evo-flow-community": "1734849b8afa03aceda37122a083d2fad7216098",
    "evo-nexus": "fe15fd50fb822ca99d4e83182b244fa839a27776",
    "evolution-api": "e273b904d53f5726970fd6a244ed9caa61dfeb9a",
    "evolution-go": "706c9a48576428005053971bb9ea73dc34c35462",
    "evolution-go/whatsmeow-lib": "0923702fb3fac8525241f15331b92116485d69eb"
  },
  "images": {
    "auth": {
      "service": "auth",
      "source_path": "evo-auth-service-community",
      "source_commit": "851073dd1e6ff0dc26e2e5bc8f54efa427ca65a4",
      "infrastructure_commit": "84a483e78ea59a2a6e5492d8a6b95c641a9d5642",
      "recipe_sha256": "95c39b94404aedc795310ce4974c37101bc051077b94fde3b6d223796a2ec026",
      "dockerfile": "Dockerfile",
      "platform": "linux/amd64",
      "reference": "ghcr.io/golevel-ai/hablas-evo-production-auth@sha256:317986341d309e2b94674450b4a5324802035408983d9fdd314f86465143a0bf",
      "verification": "ANONYMOUS_PULL_AND_DIGEST_VERIFIED"
    },
    "crm": {
      "service": "crm",
      "source_path": "evo-ai-crm-community",
      "source_commit": "4083dddb9bd7afd1152d6f41992225f1bfa410f5",
      "infrastructure_commit": "84a483e78ea59a2a6e5492d8a6b95c641a9d5642",
      "recipe_sha256": "95c39b94404aedc795310ce4974c37101bc051077b94fde3b6d223796a2ec026",
      "dockerfile": "docker/Dockerfile",
      "platform": "linux/amd64",
      "reference": "ghcr.io/golevel-ai/hablas-evo-production-crm@sha256:b18968f71362ce4f17db376cd040cd0cdeffa0981facbd879c33fef7efd369b1",
      "verification": "ANONYMOUS_PULL_AND_DIGEST_VERIFIED"
    },
    "core": {
      "service": "core",
      "source_path": "evo-ai-core-service-community",
      "source_commit": "c6f7ba319c7e44c942ac9d6a7792e19109ebd2e1",
      "infrastructure_commit": "84a483e78ea59a2a6e5492d8a6b95c641a9d5642",
      "recipe_sha256": "95c39b94404aedc795310ce4974c37101bc051077b94fde3b6d223796a2ec026",
      "dockerfile": "Dockerfile",
      "platform": "linux/amd64",
      "reference": "ghcr.io/golevel-ai/hablas-evo-production-core@sha256:8f3d7f4795a60360378c10f94670fa50b73415801c5c776ca7c0b942cf78e541",
      "verification": "ANONYMOUS_PULL_AND_DIGEST_VERIFIED"
    },
    "processor": {
      "service": "processor",
      "source_path": "evo-ai-processor-community",
      "source_commit": "a8e1bd444ced0f6dc3ccb31f20416f63e7048182",
      "infrastructure_commit": "84a483e78ea59a2a6e5492d8a6b95c641a9d5642",
      "recipe_sha256": "95c39b94404aedc795310ce4974c37101bc051077b94fde3b6d223796a2ec026",
      "dockerfile": "Dockerfile",
      "platform": "linux/amd64",
      "reference": "ghcr.io/golevel-ai/hablas-evo-production-processor@sha256:712b9873d33c649b7611268c8251612a1070e1a274070e8b470fdf40239589d8",
      "verification": "ANONYMOUS_PULL_AND_DIGEST_VERIFIED"
    },
    "gateway": {
      "service": "gateway",
      "source_path": "nginx",
      "source_commit": "3b8e8cb2c6676422d19c508b527ec69bc3acbfff",
      "infrastructure_commit": "84a483e78ea59a2a6e5492d8a6b95c641a9d5642",
      "recipe_sha256": "95c39b94404aedc795310ce4974c37101bc051077b94fde3b6d223796a2ec026",
      "dockerfile": "Dockerfile",
      "platform": "linux/amd64",
      "reference": "ghcr.io/golevel-ai/hablas-evo-production-gateway@sha256:b30630cfdbb5d64868bf28823cedaabaeae1e7770b27f99daca27e4738462d16",
      "verification": "ANONYMOUS_PULL_AND_DIGEST_VERIFIED"
    },
    "evoflow": {
      "service": "evoflow",
      "source_path": "evo-flow-community",
      "source_commit": "1734849b8afa03aceda37122a083d2fad7216098",
      "infrastructure_commit": "84a483e78ea59a2a6e5492d8a6b95c641a9d5642",
      "recipe_sha256": "95c39b94404aedc795310ce4974c37101bc051077b94fde3b6d223796a2ec026",
      "dockerfile": "Dockerfile",
      "platform": "linux/amd64",
      "reference": "ghcr.io/golevel-ai/hablas-evo-production-evoflow@sha256:9768a577f1e68373c7521895836a6600564bdd4c774e1ade220ecc51314c692c",
      "verification": "ANONYMOUS_PULL_AND_DIGEST_VERIFIED"
    },
    "bot": {
      "service": "bot",
      "source_path": "evo-bot-runtime",
      "source_commit": "7ec7db4761ca5bc8d09e4aa036398de2821c2e71",
      "infrastructure_commit": "84a483e78ea59a2a6e5492d8a6b95c641a9d5642",
      "recipe_sha256": "95c39b94404aedc795310ce4974c37101bc051077b94fde3b6d223796a2ec026",
      "dockerfile": "Dockerfile",
      "platform": "linux/amd64",
      "reference": "ghcr.io/golevel-ai/hablas-evo-production-bot@sha256:398233c29fe95ebc3727ee4d335dd9e4f1b07c2fa1314ed02d599adaec5e0ec3",
      "verification": "ANONYMOUS_PULL_AND_DIGEST_VERIFIED"
    },
    "evolution_go": {
      "source_tag": "evoapicloud/evolution-go:latest",
      "platform": "linux/amd64",
      "reference": "evoapicloud/evolution-go@sha256:31b959306bce83f3b502c81f99c73b51d32de9e94b74ba985101c9730f218c14",
      "manifest_digest": "sha256:6fa601464bd76d3d19ece4c48d8bb5373d025d95d45b939ae4bf0c77b03f5aaa",
      "status": "DOCKER_HUB_LATEST_AMD64_DIGEST_VERIFIED"
    },
    "redis": {
      "source_tag": "library/redis:7.4-alpine",
      "platform": "linux/amd64",
      "reference": "docker.io/library/redis@sha256:1db42ccef14898aa29bae778452d567534b59c107129cbc1163fb552de184d3c",
      "manifest_digest": "sha256:1db42ccef14898aa29bae778452d567534b59c107129cbc1163fb552de184d3c",
      "status": "MANIFEST_VERIFIED_NOT_RUNTIME_TESTED"
    },
    "rabbitmq": {
      "source_tag": "library/rabbitmq:3.13-alpine",
      "platform": "linux/amd64",
      "reference": "docker.io/library/rabbitmq@sha256:85908ad0de1dc0668114e9549c4a0ade7af92351c7b0e5608bdcc1e016fe1d26",
      "manifest_digest": "sha256:85908ad0de1dc0668114e9549c4a0ade7af92351c7b0e5608bdcc1e016fe1d26",
      "status": "MANIFEST_VERIFIED_NOT_RUNTIME_TESTED"
    },
    "clickhouse": {
      "source_tag": "clickhouse/clickhouse-server:25.8-alpine",
      "platform": "linux/amd64",
      "reference": "docker.io/clickhouse/clickhouse-server@sha256:07c3dac14693962503aec9fd466f9a0c195af364ce447667a7c2b49c8e630327",
      "manifest_digest": "sha256:07c3dac14693962503aec9fd466f9a0c195af364ce447667a7c2b49c8e630327",
      "status": "MANIFEST_VERIFIED_NOT_RUNTIME_TESTED"
    }
  },
  "image_status": "PUBLISHED_APPLICATION_IMAGES_VERIFIED_PENDING_ROLLOUT",
  "target_platform": "linux/amd64",
  "wrangler": "4.130.0",
  "frontend": {
    "package_manager": "npm",
    "lockfile": "evo-ai-frontend-community/package-lock.json",
    "upstream_docker_node_major": 20,
    "local_node_observed": "26.7.0",
    "local_npm_observed": "11.19.0",
    "release_toolchain_status": "UNPINNED"
  },
  "release": {
    "infrastructure_commit": "84a483e78ea59a2a6e5492d8a6b95c641a9d5642",
    "recipe_sha256": "95c39b94404aedc795310ce4974c37101bc051077b94fde3b6d223796a2ec026",
    "ci_run_id": "34694315210",
    "ci_url": "https://github.com/golevel-ai/hablas-crm/actions/runs/34694315210"
  }
}
